
Microsoft Visual Studio Solution File, Format Version 11.00
# Visual Studio 2010
Project("{FAE04EC0-301F-11D3-BF4B-00C04F79EFBC}") = "TestApp", "TestApp\TestApp.csproj", "{64363496-FA82-4006-9DCB-CE6FCB3A6707}"
EndProject
Global
	GlobalSection(SolutionConfigurationPlatforms) = preSolution
		Debug|Any CPU = Debug|Any CPU
		Release|Any CPU = Release|Any CPU
	EndGlobalSection
	GlobalSection(ProjectConfigurationPlatforms) = postSolution
		{64363496-FA82-4006-9DCB-CE6FCB3A6707}.Debug|Any CPU.ActiveCfg = Debug|Any CPU
		{64363496-FA82-4006-9DCB-CE6FCB3A6707}.Debug|Any CPU.Build.0 = Debug|Any CPU
		{64363496-FA82-4006-9DCB-CE6FCB3A6707}.Release|Any CPU.ActiveCfg = Release|Any CPU
		{64363496-FA82-4006-9DCB-CE6FCB3A6707}.Release|Any CPU.Build.0 = Release|Any CPU
	EndGlobalSection
	GlobalSection(SolutionProperties) = preSolution
		HideSolutionNode = FALSE
	EndGlobalSection
EndGlobal
